// !$*UTF8*$!
{
	archiveVersion = 1;
	classes = {
	};
	objectVersion = 51;
	objects = {

/* Begin PBXBuildFile section */
		B5BD6412A847679508CE6B49 /* Pods_SwiftPortfolio.framework in Frameworks */ = {isa = PBXBuildFile; fileRef = F10DF2936F8ADCF6D2BED1C0 /* Pods_SwiftPortfolio.framework */; };
		EA1704FF241A917800D8C578 /* SquareController.swift in Sources */ = {isa = PBXBuildFile; fileRef = EA1704FE241A917800D8C578 /* SquareController.swift */; };
		EAB1E5CF24169E0600992B0E /* AppDelegate.swift in Sources */ = {isa = PBXBuildFile; fileRef = EAB1E5CE24169E0600992B0E /* AppDelegate.swift */; };
		EAB1E5D124169E0600992B0E /* SceneDelegate.swift in Sources */ = {isa = PBXBuildFile; fileRef = EAB1E5D024169E0600992B0E /* SceneDelegate.swift */; };
		EAB1E5D324169E0600992B0E /* ViewController.swift in Sources */ = {isa = PBXBuildFile; fileRef = EAB1E5D224169E0600992B0E /* ViewController.swift */; };
		EAB1E5D624169E0600992B0E /* Main.storyboard in Resources */ = {isa = PBXBuildFile; fileRef = EAB1E5D424169E0600992B0E /* Main.storyboard */; };
		EAB1E5D824169E0800992B0E /* Assets.xcassets in Resources */ = {isa = PBXBuildFile; fileRef = EAB1E5D724169E0800992B0E /* Assets.xcassets */; };
		EAB1E5DB24169E0800992B0E /* LaunchScreen.storyboard in Resources */ = {isa = PBXBuildFile; fileRef = EAB1E5D924169E0800992B0E /* LaunchScreen.storyboard */; };
		EAFEF26224193B7400606561 /* PythController.swift in Sources */ = {isa = PBXBuildFile; fileRef = EAFEF26124193B7400606561 /* PythController.swift */; };
		EAFEF26D24193CB600606561 /* Slider.storyboard in Resources */ = {isa = PBXBuildFile; fileRef = EAFEF26324193CB500606561 /* Slider.storyboard */; };
		EAFEF26E24193CB600606561 /* WordReverse.storyboard in Resources */ = {isa = PBXBuildFile; fileRef = EAFEF26424193CB500606561 /* WordReverse.storyboard */; };
		EAFEF26F24193CB600606561 /* Histogram.storyboard in Resources */ = {isa = PBXBuildFile; fileRef = EAFEF26524193CB500606561 /* Histogram.storyboard */; };
		EAFEF27024193CB600606561 /* Pythagoreas.storyboard in Resources */ = {isa = PBXBuildFile; fileRef = EAFEF26624193CB500606561 /* Pythagoreas.storyboard */; };
		EAFEF27124193CB600606561 /* Calculator.storyboard in Resources */ = {isa = PBXBuildFile; fileRef = EAFEF26724193CB500606561 /* Calculator.storyboard */; };
		EAFEF27224193CB600606561 /* Translate.storyboard in Resources */ = {isa = PBXBuildFile; fileRef = EAFEF26824193CB500606561 /* Translate.storyboard */; };
		EAFEF27324193CB600606561 /* Square.storyboard in Resources */ = {isa = PBXBuildFile; fileRef = EAFEF26924193CB600606561 /* Square.storyboard */; };
		EAFEF27424193CB600606561 /* FileIO.storyboard in Resources */ = {isa = PBXBuildFile; fileRef = EAFEF26A24193CB600606561 /* FileIO.storyboard */; };
		EAFEF27524193CB600606561 /* Reverse.storyboard in Resources */ = {isa = PBXBuildFile; fileRef = EAFEF26B24193CB600606561 /* Reverse.storyboard */; };
		EAFEF27624193CB600606561 /* Golf.storyboard in Resources */ = {isa = PBXBuildFile; fileRef = EAFEF26C24193CB600606561 /* Golf.storyboard */; };
/* End PBXBuildFile section */

/* Begin PBXFileReference section */
		37F09CB319AD820037E9D744 /* Pods-SwiftPortfolio.debug.xcconfig */ = {isa = PBXFileReference; includeInIndex = 1; lastKnownFileType = text.xcconfig; name = "Pods-SwiftPortfolio.debug.xcconfig"; path = "Target Support Files/Pods-SwiftPortfolio/Pods-SwiftPortfolio.debug.xcconfig"; sourceTree = "<group>"; };
		DDA22FE38D7E18F73C47639B /* Pods-SwiftPortfolio.release.xcconfig */ = {isa = PBXFileReference; includeInIndex = 1; lastKnownFileType = text.xcconfig; name = "Pods-SwiftPortfolio.release.xcconfig"; path = "Target Support Files/Pods-SwiftPortfolio/Pods-SwiftPortfolio.release.xcconfig"; sourceTree = "<group>"; };
		EA1704FE241A917800D8C578 /* SquareController.swift */ = {isa = PBXFileReference; lastKnownFileType = sourcecode.swift; path = SquareController.swift; sourceTree = "<group>"; };
		EAB1E5CB24169E0600992B0E /* SwiftPortfolio.app */ = {isa = PBXFileReference; explicitFileType = wrapper.application; includeInIndex = 0; path = SwiftPortfolio.app; sourceTree = BUILT_PRODUCTS_DIR; };
		EAB1E5CE24169E0600992B0E /* AppDelegate.swift */ = {isa = PBXFileReference; lastKnownFileType = sourcecode.swift; path = AppDelegate.swift; sourceTree = "<group>"; };
		EAB1E5D024169E0600992B0E /* SceneDelegate.swift */ = {isa = PBXFileReference; lastKnownFileType = sourcecode.swift; path = SceneDelegate.swift; sourceTree = "<group>"; };
		EAB1E5D224169E0600992B0E /* ViewController.swift */ = {isa = PBXFileReference; lastKnownFileType = sourcecode.swift; path = ViewController.swift; sourceTree = "<group>"; };
		EAB1E5D524169E0600992B0E /* Base */ = {isa = PBXFileReference; lastKnownFileType = file.storyboard; name = Base; path = Base.lproj/Main.storyboard; sourceTree = "<group>"; };
		EAB1E5D724169E0800992B0E /* Assets.xcassets */ = {isa = PBXFileReference; lastKnownFileType = folder.assetcatalog; path = Assets.xcassets; sourceTree = "<group>"; };
		EAB1E5DA24169E0800992B0E /* Base */ = {isa = PBXFileReference; lastKnownFileType = file.storyboard; name = Base; path = Base.lproj/LaunchScreen.storyboard; sourceTree = "<group>"; };
		EAB1E5DC24169E0800992B0E /* Info.plist */ = {isa = PBXFileReference; lastKnownFileType = text.plist.xml; path = Info.plist; sourceTree = "<group>"; };
		EAFEF26124193B7400606561 /* PythController.swift */ = {isa = PBXFileReference; lastKnownFileType = sourcecode.swift; path = PythController.swift; sourceTree = "<group>"; };
		EAFEF26324193CB500606561 /* Slider.storyboard */ = {isa = PBXFileReference; fileEncoding = 4; lastKnownFileType = file.storyboard; name = Slider.storyboard; path = "../../../Documents/p1fx-alextitov19/Final/Storyboards/Slider.storyboard"; sourceTree = "<group>"; };
		EAFEF26424193CB500606561 /* WordReverse.storyboard */ = {isa = PBXFileReference; fileEncoding = 4; lastKnownFileType = file.storyboard; name = WordReverse.storyboard; path = "../../../Documents/p1fx-alextitov19/Final/Storyboards/WordReverse.storyboard"; sourceTree = "<group>"; };
		EAFEF26524193CB500606561 /* Histogram.storyboard */ = {isa = PBXFileReference; fileEncoding = 4; lastKnownFileType = file.storyboard; name = Histogram.storyboard; path = "../../../Documents/p1fx-alextitov19/Final/Storyboards/Histogram.storyboard"; sourceTree = "<group>"; };
		EAFEF26624193CB500606561 /* Pythagoreas.storyboard */ = {isa = PBXFileReference; fileEncoding = 4; lastKnownFileType = file.storyboard; name = Pythagoreas.storyboard; path = "../../../Documents/p1fx-alextitov19/Final/Storyboards/Pythagoreas.storyboard"; sourceTree = "<group>"; };
		EAFEF26724193CB500606561 /* Calculator.storyboard */ = {isa = PBXFileReference; fileEncoding = 4; lastKnownFileType = file.storyboard; name = Calculator.storyboard; path = "../../../Documents/p1fx-alextitov19/Final/Storyboards/Calculator.storyboard"; sourceTree = "<group>"; };
		EAFEF26824193CB500606561 /* Translate.storyboard */ = {isa = PBXFileReference; fileEncoding = 4; lastKnownFileType = file.storyboard; name = Translate.storyboard; path = "../../../Documents/p1fx-alextitov19/Final/Storyboards/Translate.storyboard"; sourceTree = "<group>"; };
		EAFEF26924193CB600606561 /* Square.storyboard */ = {isa = PBXFileReference; fileEncoding = 4; lastKnownFileType = file.storyboard; name = Square.storyboard; path = "../../../Documents/p1fx-alextitov19/Final/Storyboards/Square.storyboard"; sourceTree = "<group>"; };
		EAFEF26A24193CB600606561 /* FileIO.storyboard */ = {isa = PBXFileReference; fileEncoding = 4; lastKnownFileType = file.storyboard; name = FileIO.storyboard; path = "../../../Documents/p1fx-alextitov19/Final/Storyboards/FileIO.storyboard"; sourceTree = "<group>"; };
		EAFEF26B24193CB600606561 /* Reverse.storyboard */ = {isa = PBXFileReference; fileEncoding = 4; lastKnownFileType = file.storyboard; name = Reverse.storyboard; path = "../../../Documents/p1fx-alextitov19/Final/Storyboards/Reverse.storyboard"; sourceTree = "<group>"; };
		EAFEF26C24193CB600606561 /* Golf.storyboard */ = {isa = PBXFileReference; fileEncoding = 4; lastKnownFileType = file.storyboard; name = Golf.storyboard; path = "../../../Documents/p1fx-alextitov19/Final/Storyboards/Golf.storyboard"; sourceTree = "<group>"; };
		F10DF2936F8ADCF6D2BED1C0 /* Pods_SwiftPortfolio.framework */ = {isa = PBXFileReference; explicitFileType = wrapper.framework; includeInIndex = 0; path = Pods_SwiftPortfolio.framework; sourceTree = BUILT_PRODUCTS_DIR; };
/* End PBXFileReference section */

/* Begin PBXFrameworksBuildPhase section */
		EAB1E5C824169E0600992B0E /* Frameworks */ = {
			isa = PBXFrameworksBuildPhase;
			buildActionMask = 2147483647;
			files = (
				B5BD6412A847679508CE6B49 /* Pods_SwiftPortfolio.framework in Frameworks */,
			);
			runOnlyForDeploymentPostprocessing = 0;
		};
/* End PBXFrameworksBuildPhase section */

/* Begin PBXGroup section */
		7CED88D6968983C48123170E /* Pods */ = {
			isa = PBXGroup;
			children = (
				37F09CB319AD820037E9D744 /* Pods-SwiftPortfolio.debug.xcconfig */,
				DDA22FE38D7E18F73C47639B /* Pods-SwiftPortfolio.release.xcconfig */,
			);
			path = Pods;
			sourceTree = "<group>";
		};
		BE3F711652AC2707352D3118 /* Frameworks */ = {
			isa = PBXGroup;
			children = (
				F10DF2936F8ADCF6D2BED1C0 /* Pods_SwiftPortfolio.framework */,
			);
			name = Frameworks;
			sourceTree = "<group>";
		};
		EA170500241A931600D8C578 /* ViewControllers */ = {
			isa = PBXGroup;
			children = (
				EAB1E5D224169E0600992B0E /* ViewController.swift */,
				EAFEF26124193B7400606561 /* PythController.swift */,
				EA1704FE241A917800D8C578 /* SquareController.swift */,
			);
			path = ViewControllers;
			sourceTree = "<group>";
		};
		EAB1E5C224169E0600992B0E = {
			isa = PBXGroup;
			children = (
				EAB1E5CD24169E0600992B0E /* SwiftPortfolio */,
				EAB1E5CC24169E0600992B0E /* Products */,
				7CED88D6968983C48123170E /* Pods */,
				BE3F711652AC2707352D3118 /* Frameworks */,
			);
			sourceTree = "<group>";
		};
		EAB1E5CC24169E0600992B0E /* Products */ = {
			isa = PBXGroup;
			children = (
				EAB1E5CB24169E0600992B0E /* SwiftPortfolio.app */,
			);
			name = Products;
			sourceTree = "<group>";
		};
		EAB1E5CD24169E0600992B0E /* SwiftPortfolio */ = {
			isa = PBXGroup;
			children = (
				EAB1E5CE24169E0600992B0E /* AppDelegate.swift */,
				EAB1E5D024169E0600992B0E /* SceneDelegate.swift */,
				EAFEF26724193CB500606561 /* Calculator.storyboard */,
				EAFEF26A24193CB600606561 /* FileIO.storyboard */,
				EAFEF26C24193CB600606561 /* Golf.storyboard */,
				EAFEF26524193CB500606561 /* Histogram.storyboard */,
				EAFEF26B24193CB600606561 /* Reverse.storyboard */,
				EAFEF26324193CB500606561 /* Slider.storyboard */,
				EAFEF26824193CB500606561 /* Translate.storyboard */,
				EAFEF26424193CB500606561 /* WordReverse.storyboard */,
				EAFEF26624193CB500606561 /* Pythagoreas.storyboard */,
				EAFEF26924193CB600606561 /* Square.storyboard */,
				EAB1E5D424169E0600992B0E /* Main.storyboard */,
				EA170500241A931600D8C578 /* ViewControllers */,
				EAB1E5D724169E0800992B0E /* Assets.xcassets */,
				EAB1E5D924169E0800992B0E /* LaunchScreen.storyboard */,
				EAB1E5DC24169E0800992B0E /* Info.plist */,
			);
			path = SwiftPortfolio;
			sourceTree = "<group>";
		};
/* End PBXGroup section */

/* Begin PBXNativeTarget section */
		EAB1E5CA24169E0600992B0E /* SwiftPortfolio */ = {
			isa = PBXNativeTarget;
			buildConfigurationList = EAB1E5DF24169E0800992B0E /* Build configuration list for PBXNativeTarget "SwiftPortfolio" */;
			buildPhases = (
				517C916BAF9319EBE9E9FAE8 /* [CP] Check Pods Manifest.lock */,
				EAB1E5C724169E0600992B0E /* Sources */,
				EAB1E5C824169E0600992B0E /* Frameworks */,
				EAB1E5C924169E0600992B0E /* Resources */,
				F5437282952725CEE6A7A500 /* [CP] Embed Pods Frameworks */,
			);
			buildRules = (
			);
			dependencies = (
			);
			name = SwiftPortfolio;
			productName = SwiftPortfolio;
			productReference = EAB1E5CB24169E0600992B0E /* SwiftPortfolio.app */;
			productType = "com.apple.product-type.application";
		};
/* End PBXNativeTarget section */

/* Begin PBXProject section */
		EAB1E5C324169E0600992B0E /* Project object */ = {
			isa = PBXProject;
			attributes = {
				LastSwiftUpdateCheck = 1130;
				LastUpgradeCheck = 1130;
				ORGANIZATIONNAME = "Titov, Aleksandr";
				TargetAttributes = {
					EAB1E5CA24169E0600992B0E = {
						CreatedOnToolsVersion = 11.3.1;
					};
				};
			};
			buildConfigurationList = EAB1E5C624169E0600992B0E /* Build configuration list for PBXProject "SwiftPortfolio" */;
			compatibilityVersion = "Xcode 9.3";
			developmentRegion = en;
			hasScannedForEncodings = 0;
			knownRegions = (
				en,
				Base,
			);
			mainGroup = EAB1E5C224169E0600992B0E;
			productRefGroup = EAB1E5CC24169E0600992B0E /* Products */;
			projectDirPath = "";
			projectRoot = "";
			targets = (
				EAB1E5CA24169E0600992B0E /* SwiftPortfolio */,
			);
		};
/* End PBXProject section */

/* Begin PBXResourcesBuildPhase section */
		EAB1E5C924169E0600992B0E /* Resources */ = {
			isa = PBXResourcesBuildPhase;
			buildActionMask = 2147483647;
			files = (
				EAB1E5DB24169E0800992B0E /* LaunchScreen.storyboard in Resources */,
				EAFEF26F24193CB600606561 /* Histogram.storyboard in Resources */,
				EAB1E5D824169E0800992B0E /* Assets.xcassets in Resources */,
				EAB1E5D624169E0600992B0E /* Main.storyboard in Resources */,
				EAFEF27024193CB600606561 /* Pythagoreas.storyboard in Resources */,
				EAFEF26E24193CB600606561 /* WordReverse.storyboard in Resources */,
				EAFEF27224193CB600606561 /* Translate.storyboard in Resources */,
				EAFEF27424193CB600606561 /* FileIO.storyboard in Resources */,
				EAFEF27124193CB600606561 /* Calculator.storyboard in Resources */,
				EAFEF27624193CB600606561 /* Golf.storyboard in Resources */,
				EAFEF27524193CB600606561 /* Reverse.storyboard in Resources */,
				EAFEF27324193CB600606561 /* Square.storyboard in Resources */,
				EAFEF26D24193CB600606561 /* Slider.storyboard in Resources */,
			);
			runOnlyForDeploymentPostprocessing = 0;
		};
/* End PBXResourcesBuildPhase section */

/* Begin PBXShellScriptBuildPhase section */
		517C916BAF9319EBE9E9FAE8 /* [CP] Check Pods Manifest.lock */ = {
			isa = PBXShellScriptBuildPhase;
			buildActionMask = 2147483647;
			files = (
			);
			inputFileListPaths = (
			);
			inputPaths = (
				"${PODS_PODFILE_DIR_PATH}/Podfile.lock",
				"${PODS_ROOT}/Manifest.lock",
			);
			name = "[CP] Check Pods Manifest.lock";
			outputFileListPaths = (
			);
			outputPaths = (
				"$(DERIVED_FILE_DIR)/Pods-SwiftPortfolio-checkManifestLockResult.txt",
			);
			runOnlyForDeploymentPostprocessing = 0;
			shellPath = /bin/sh;
			shellScript = "diff \"${PODS_PODFILE_DIR_PATH}/Podfile.lock\" \"${PODS_ROOT}/Manifest.lock\" > /dev/null\nif [ $? != 0 ] ; then\n    # print error to STDERR\n    echo \"error: The sandbox is not in sync with the Podfile.lock. Run 'pod install' or update your CocoaPods installation.\" >&2\n    exit 1\nfi\n# This output is used by Xcode 'outputs' to avoid re-running this script phase.\necho \"SUCCESS\" > \"${SCRIPT_OUTPUT_FILE_0}\"\n";
			showEnvVarsInLog = 0;
		};
		F5437282952725CEE6A7A500 /* [CP] Embed Pods Frameworks */ = {
			isa = PBXShellScriptBuildPhase;
			buildActionMask = 2147483647;
			files = (
			);
			inputFileListPaths = (
				"${PODS_ROOT}/Target Support Files/Pods-SwiftPortfolio/Pods-SwiftPortfolio-frameworks-${CONFIGURATION}-input-files.xcfilelist",
			);
			name = "[CP] Embed Pods Frameworks";
			outputFileListPaths = (
				"${PODS_ROOT}/Target Support Files/Pods-SwiftPortfolio/Pods-SwiftPortfolio-frameworks-${CONFIGURATION}-output-files.xcfilelist",
			);
			runOnlyForDeploymentPostprocessing = 0;
			shellPath = /bin/sh;
			shellScript = "\"${PODS_ROOT}/Target Support Files/Pods-SwiftPortfolio/Pods-SwiftPortfolio-frameworks.sh\"\n";
			showEnvVarsInLog = 0;
		};
/* End PBXShellScriptBuildPhase section */

/* Begin PBXSourcesBuildPhase section */
		EAB1E5C724169E0600992B0E /* Sources */ = {
			isa = PBXSourcesBuildPhase;
			buildActionMask = 2147483647;
			files = (
				EA1704FF241A917800D8C578 /* SquareController.swift in Sources */,
				EAFEF26224193B7400606561 /* PythController.swift in Sources */,
				EAB1E5D324169E0600992B0E /* ViewController.swift in Sources */,
				EAB1E5CF24169E0600992B0E /* AppDelegate.swift in Sources */,
				EAB1E5D124169E0600992B0E /* SceneDelegate.swift in Sources */,
			);
			runOnlyForDeploymentPostprocessing = 0;
		};
/* End PBXSourcesBuildPhase section */

/* Begin PBXVariantGroup section */
		EAB1E5D424169E0600992B0E /* Main.storyboard */ = {
			isa = PBXVariantGroup;
			children = (
				EAB1E5D524169E0600992B0E /* Base */,
			);
			name = Main.storyboard;
			sourceTree = "<group>";
		};
		EAB1E5D924169E0800992B0E /* LaunchScreen.storyboard */ = {
			isa = PBXVariantGroup;
			children = (
				EAB1E5DA24169E0800992B0E /* Base */,
			);
			name = LaunchScreen.storyboard;
			sourceTree = "<group>";
		};
/* End PBXVariantGroup section */

/* Begin XCBuildConfiguration section */
		EAB1E5DD24169E0800992B0E /* Debug */ = {
			isa = XCBuildConfiguration;
			buildSettings = {
				ALWAYS_SEARCH_USER_PATHS = NO;
				CLANG_ANALYZER_NONNULL = YES;
				CLANG_ANALYZER_NUMBER_OBJECT_CONVERSION = YES_AGGRESSIVE;
				CLANG_CXX_LANGUAGE_STANDARD = "gnu++14";
				CLANG_CXX_LIBRARY = "libc++";
				CLANG_ENABLE_MODULES = YES;
				CLANG_ENABLE_OBJC_ARC = YES;
				CLANG_ENABLE_OBJC_WEAK = YES;
				CLANG_WARN_BLOCK_CAPTURE_AUTORELEASING = YES;
				CLANG_WARN_BOOL_CONVERSION = YES;
				CLANG_WARN_COMMA = YES;
				CLANG_WARN_CONSTANT_CONVERSION = YES;
				CLANG_WARN_DEPRECATED_OBJC_IMPLEMENTATIONS = YES;
				CLANG_WARN_DIRECT_OBJC_ISA_USAGE = YES_ERROR;
				CLANG_WARN_DOCUMENTATION_COMMENTS = YES;
				CLANG_WARN_EMPTY_BODY = YES;
				CLANG_WARN_ENUM_CONVERSION = YES;
				CLANG_WARN_INFINITE_RECURSION = YES;
				CLANG_WARN_INT_CONVERSION = YES;
				CLANG_WARN_NON_LITERAL_NULL_CONVERSION = YES;
				CLANG_WARN_OBJC_IMPLICIT_RETAIN_SELF = YES;
				CLANG_WARN_OBJC_LITERAL_CONVERSION = YES;
				CLANG_WARN_OBJC_ROOT_CLASS = YES_ERROR;
				CLANG_WARN_RANGE_LOOP_ANALYSIS = YES;
				CLANG_WARN_STRICT_PROTOTYPES = YES;
				CLANG_WARN_SUSPICIOUS_MOVE = YES;
				CLANG_WARN_UNGUARDED_AVAILABILITY = YES_AGGRESSIVE;
				CLANG_WARN_UNREACHABLE_CODE = YES;
				CLANG_WARN__DUPLICATE_METHOD_MATCH = YES;
				COPY_PHASE_STRIP = NO;
				DEBUG_INFORMATION_FORMAT = dwarf;
				ENABLE_STRICT_OBJC_MSGSEND = YES;
				ENABLE_TESTABILITY = YES;
				GCC_C_LANGUAGE_STANDARD = gnu11;
				GCC_DYNAMIC_NO_PIC = NO;
				GCC_NO_COMMON_BLOCKS = YES;
				GCC_OPTIMIZATION_LEVEL = 0;
				GCC_PREPROCESSOR_DEFINITIONS = (
					"DEBUG=1",
					"$(inherited)",
				);
				GCC_WARN_64_TO_32_BIT_CONVERSION = YES;
				GCC_WARN_ABOUT_RETURN_TYPE = YES_ERROR;
				GCC_WARN_UNDECLARED_SELECTOR = YES;
				GCC_WARN_UNINITIALIZED_AUTOS = YES_AGGRESSIVE;
				GCC_WARN_UNUSED_FUNCTION = YES;
				GCC_WARN_UNUSED_VARIABLE = YES;
				IPHONEOS_DEPLOYMENT_TARGET = 13.2;
				MTL_ENABLE_DEBUG_INFO = INCLUDE_SOURCE;
				MTL_FAST_MATH = YES;
				ONLY_ACTIVE_ARCH = YES;
				SDKROOT = iphoneos;
				SWIFT_ACTIVE_COMPILATION_CONDITIONS = DEBUG;
				SWIFT_OPTIMIZATION_LEVEL = "-Onone";
			};
			name = Debug;
		};
		EAB1E5DE24169E0800992B0E /* Release */ = {
			isa = XCBuildConfiguration;
			buildSettings = {
				ALWAYS_SEARCH_USER_PATHS = NO;
				CLANG_ANALYZER_NONNULL = YES;
				CLANG_ANALYZER_NUMBER_OBJECT_CONVERSION = YES_AGGRESSIVE;
				CLANG_CXX_LANGUAGE_STANDARD = "gnu++14";
				CLANG_CXX_LIBRARY = "libc++";
				CLANG_ENABLE_MODULES = YES;
				CLANG_ENABLE_OBJC_ARC = YES;
				CLANG_ENABLE_OBJC_WEAK = YES;
				CLANG_WARN_BLOCK_CAPTURE_AUTORELEASING = YES;
				CLANG_WARN_BOOL_CONVERSION = YES;
				CLANG_WARN_COMMA = YES;
				CLANG_WARN_CONSTANT_CONVERSION = YES;
				CLANG_WARN_DEPRECATED_OBJC_IMPLEMENTATIONS = YES;
				CLANG_WARN_DIRECT_OBJC_ISA_USAGE = YES_ERROR;
				CLANG_WARN_DOCUMENTATION_COMMENTS = YES;
				CLANG_WARN_EMPTY_BODY = YES;
				CLANG_WARN_ENUM_CONVERSION = YES;
				CLANG_WARN_INFINITE_RECURSION = YES;
				CLANG_WARN_INT_CONVERSION = YES;
				CLANG_WARN_NON_LITERAL_NULL_CONVERSION = YES;
				CLANG_WARN_OBJC_IMPLICIT_RETAIN_SELF = YES;
				CLANG_WARN_OBJC_LITERAL_CONVERSION = YES;
				CLANG_WARN_OBJC_ROOT_CLASS = YES_ERROR;
				CLANG_WARN_RANGE_LOOP_ANALYSIS = YES;
				CLANG_WARN_STRICT_PROTOTYPES = YES;
				CLANG_WARN_SUSPICIOUS_MOVE = YES;
				CLANG_WARN_UNGUARDED_AVAILABILITY = YES_AGGRESSIVE;
				CLANG_WARN_UNREACHABLE_CODE = YES;
				CLANG_WARN__DUPLICATE_METHOD_MATCH = YES;
				COPY_PHASE_STRIP = NO;
				DEBUG_INFORMATION_FORMAT = "dwarf-with-dsym";
				ENABLE_NS_ASSERTIONS = NO;
				ENABLE_STRICT_OBJC_MSGSEND = YES;
				GCC_C_LANGUAGE_STANDARD = gnu11;
				GCC_NO_COMMON_BLOCKS = YES;
				GCC_WARN_64_TO_32_BIT_CONVERSION = YES;
				GCC_WARN_ABOUT_RETURN_TYPE = YES_ERROR;
				GCC_WARN_UNDECLARED_SELECTOR = YES;
				GCC_WARN_UNINITIALIZED_AUTOS = YES_AGGRESSIVE;
				GCC_WARN_UNUSED_FUNCTION = YES;
				GCC_WARN_UNUSED_VARIABLE = YES;
				IPHONEOS_DEPLOYMENT_TARGET = 13.2;
				MTL_ENABLE_DEBUG_INFO = NO;
				MTL_FAST_MATH = YES;
				SDKROOT = iphoneos;
				SWIFT_COMPILATION_MODE = wholemodule;
				SWIFT_OPTIMIZATION_LEVEL = "-O";
				VALIDATE_PRODUCT = YES;
			};
			name = Release;
		};
		EAB1E5E024169E0800992B0E /* Debug */ = {
			isa = XCBuildConfiguration;
			baseConfigurationReference = 37F09CB319AD820037E9D744 /* Pods-SwiftPortfolio.debug.xcconfig */;
			buildSettings = {
				ASSETCATALOG_COMPILER_APPICON_NAME = AppIcon;
				CODE_SIGN_STYLE = Automatic;
				INFOPLIST_FILE = SwiftPortfolio/Info.plist;
				LD_RUNPATH_SEARCH_PATHS = (
					"$(inherited)",
					"@executable_path/Frameworks",
				);
				PRODUCT_BUNDLE_IDENTIFIER = mySwiftProj.SwiftPortfolio;
				PRODUCT_NAME = "$(TARGET_NAME)";
				SWIFT_VERSION = 5.0;
				TARGETED_DEVICE_FAMILY = "1,2";
			};
			name = Debug;
		};
		EAB1E5E124169E0800992B0E /* Release */ = {
			isa = XCBuildConfiguration;
			baseConfigurationReference = DDA22FE38D7E18F73C47639B /* Pods-SwiftPortfolio.release.xcconfig */;
			buildSettings = {
				ASSETCATALOG_COMPILER_APPICON_NAME = AppIcon;
				CODE_SIGN_STYLE = Automatic;
				INFOPLIST_FILE = SwiftPortfolio/Info.plist;
				LD_RUNPATH_SEARCH_PATHS = (
					"$(inherited)",
					"@executable_path/Frameworks",
				);
				PRODUCT_BUNDLE_IDENTIFIER = mySwiftProj.SwiftPortfolio;
				PRODUCT_NAME = "$(TARGET_NAME)";
				SWIFT_VERSION = 5.0;
				TARGETED_DEVICE_FAMILY = "1,2";
			};
			name = Release;
		};
/* End XCBuildConfiguration section */

/* Begin XCConfigurationList section */
		EAB1E5C624169E0600992B0E /* Build configuration list for PBXProject "SwiftPortfolio" */ = {
			isa = XCConfigurationList;
			buildConfigurations = (
				EAB1E5DD24169E0800992B0E /* Debug */,
				EAB1E5DE24169E0800992B0E /* Release */,
			);
			defaultConfigurationIsVisible = 0;
			defaultConfigurationName = Release;
		};
		EAB1E5DF24169E0800992B0E /* Build configuration list for PBXNativeTarget "SwiftPortfolio" */ = {
			isa = XCConfigurationList;
			buildConfigurations = (
				EAB1E5E024169E0800992B0E /* Debug */,
				EAB1E5E124169E0800992B0E /* Release */,
			);
			defaultConfigurationIsVisible = 0;
			defaultConfigurationName = Release;
		};
/* End XCConfigurationList section */
	};
	rootObject = EAB1E5C324169E0600992B0E /* Project object */;
}
